
Microsoft Visual Studio Solution File, Format Version 12.00
# Visual Studio Version 17
VisualStudioVersion = 17.9.34723.18
MinimumVisualStudioVersion = 10.0.40219.1
Project("{9A19103F-16F7-4668-BE54-9A1E7A4F7556}") = "GraphQLRepository", "GraphQLRepository\GraphQLRepository.csproj", "{1DE2BBDC-5541-464B-98B2-A778ECCF7B14}"
EndProject
Project("{9A19103F-16F7-4668-BE54-9A1E7A4F7556}") = "Example", "Example\Example.csproj", "{C6AE34A0-F56E-4030-A58B-47417B8858A0}"
EndProject
Global
	GlobalSection(SolutionConfigurationPlatforms) = preSolution
		Debug|Any CPU = Debug|Any CPU
		Release|Any CPU = Release|Any CPU
	EndGlobalSection
	GlobalSection(ProjectConfigurationPlatforms) = postSolution
		{1DE2BBDC-5541-464B-98B2-A778ECCF7B14}.Debug|Any CPU.ActiveCfg = Debug|Any CPU
		{1DE2BBDC-5541-464B-98B2-A778ECCF7B14}.Debug|Any CPU.Build.0 = Debug|Any CPU
		{1DE2BBDC-5541-464B-98B2-A778ECCF7B14}.Release|Any CPU.ActiveCfg = Release|Any CPU
		{1DE2BBDC-5541-464B-98B2-A778ECCF7B14}.Release|Any CPU.Build.0 = Release|Any CPU
		{C6AE34A0-F56E-4030-A58B-47417B8858A0}.Debug|Any CPU.ActiveCfg = Debug|Any CPU
		{C6AE34A0-F56E-4030-A58B-47417B8858A0}.Debug|Any CPU.Build.0 = Debug|Any CPU
		{C6AE34A0-F56E-4030-A58B-47417B8858A0}.Release|Any CPU.ActiveCfg = Release|Any CPU
		{C6AE34A0-F56E-4030-A58B-47417B8858A0}.Release|Any CPU.Build.0 = Release|Any CPU
	EndGlobalSection
	GlobalSection(SolutionProperties) = preSolution
		HideSolutionNode = FALSE
	EndGlobalSection
	GlobalSection(ExtensibilityGlobals) = postSolution
		SolutionGuid = {D2C2862C-1513-4025-A8F1-D5B384E43EB1}
	EndGlobalSection
EndGlobal
